// !$*UTF8*$!
{
	archiveVersion = 1;
	classes = {
	};
	objectVersion = 70;
	objects = {

/* Begin PBXBuildFile section */
		F50389D12ABB109500F99AEA /* Extension+UIImage+Gif.swift in Sources */ = {isa = PBXBuildFile; fileRef = F50389D02ABB109500F99AEA /* Extension+UIImage+Gif.swift */; };
		F50389D32ABB143000F99AEA /* FireMeditationController.swift in Sources */ = {isa = PBXBuildFile; fileRef = F50389D22ABB143000F99AEA /* FireMeditationController.swift */; };
		F50389E02ABB351B00F99AEA /* sv.gif in Resources */ = {isa = PBXBuildFile; fileRef = F50389DF2ABB351B00F99AEA /* sv.gif */; };
		F50389E22ABB355600F99AEA /* sv2.gif in Resources */ = {isa = PBXBuildFile; fileRef = F50389E12ABB355500F99AEA /* sv2.gif */; };
		F50592632AB3181700B8CAB1 /* UIColor+Extension.swift in Sources */ = {isa = PBXBuildFile; fileRef = F50592622AB3181600B8CAB1 /* UIColor+Extension.swift */; };
		F51703C12AB34BD20005A0DA /* ImageViewCell.swift in Sources */ = {isa = PBXBuildFile; fileRef = F51703C02AB34BD20005A0DA /* ImageViewCell.swift */; };
		F51747B92A2F806D0080BC2C /* SettingBreathViewController.swift in Sources */ = {isa = PBXBuildFile; fileRef = F51747B82A2F806D0080BC2C /* SettingBreathViewController.swift */; };
		F52587E62A2E2F01002499AC /* ImageViewController.swift in Sources */ = {isa = PBXBuildFile; fileRef = F52587E52A2E2F01002499AC /* ImageViewController.swift */; };
		F52587E82A2E3466002499AC /* DataStore.swift in Sources */ = {isa = PBXBuildFile; fileRef = F52587E72A2E3466002499AC /* DataStore.swift */; };
		F54FD9B62AE65BFE00CA775A /* fire.mp3 in Resources */ = {isa = PBXBuildFile; fileRef = F54FD9B52AE65BFE00CA775A /* fire.mp3 */; };
		F55F6E7B2ABCBFCA00A47278 /* FireViewCell.swift in Sources */ = {isa = PBXBuildFile; fileRef = F55F6E7A2ABCBFCA00A47278 /* FireViewCell.swift */; };
		F563B53F2ACC890200DA961B /* NavigationViewController.swift in Sources */ = {isa = PBXBuildFile; fileRef = F563B53E2ACC890200DA961B /* NavigationViewController.swift */; };
		F56734C92A23CDEB0001E658 /* AppDelegate.swift in Sources */ = {isa = PBXBuildFile; fileRef = F56734C82A23CDEB0001E658 /* AppDelegate.swift */; };
		F56734CB2A23CDEB0001E658 /* SceneDelegate.swift in Sources */ = {isa = PBXBuildFile; fileRef = F56734CA2A23CDEB0001E658 /* SceneDelegate.swift */; };
		F56734CD2A23CDEB0001E658 /* BreathViewController.swift in Sources */ = {isa = PBXBuildFile; fileRef = F56734CC2A23CDEB0001E658 /* BreathViewController.swift */; };
		F56734D02A23CDEB0001E658 /* Main.storyboard in Resources */ = {isa = PBXBuildFile; fileRef = F56734CE2A23CDEB0001E658 /* Main.storyboard */; };
		F56734D22A23CDED0001E658 /* Assets.xcassets in Resources */ = {isa = PBXBuildFile; fileRef = F56734D12A23CDED0001E658 /* Assets.xcassets */; };
		F56734D52A23CDED0001E658 /* LaunchScreen.storyboard in Resources */ = {isa = PBXBuildFile; fileRef = F56734D32A23CDED0001E658 /* LaunchScreen.storyboard */; };
		F56EB52C2A26B58C00897705 /* Player.swift in Sources */ = {isa = PBXBuildFile; fileRef = F56EB52B2A26B58C00897705 /* Player.swift */; };
		F5A523872AAB25F5005B57B4 /* soundsOfTheForest.mp3 in Resources */ = {isa = PBXBuildFile; fileRef = F5A523862AAB25F5005B57B4 /* soundsOfTheForest.mp3 */; };
		F5AA04F22AA8C737006356AA /* StorageManager.swift in Sources */ = {isa = PBXBuildFile; fileRef = F5AA04F12AA8C737006356AA /* StorageManager.swift */; };
		F5AA04F62AA8DF42006356AA /* ColorsModel.swift in Sources */ = {isa = PBXBuildFile; fileRef = F5AA04F52AA8DF42006356AA /* ColorsModel.swift */; };
		F5B4DF802CCD591700E6263E /* ParticleEffectModel.swift in Sources */ = {isa = PBXBuildFile; fileRef = F5B4DF7F2CCD591700E6263E /* ParticleEffectModel.swift */; };
		F5B4DF822CCD594900E6263E /* Particle.swift in Sources */ = {isa = PBXBuildFile; fileRef = F5B4DF812CCD594900E6263E /* Particle.swift */; };
		F5C6D34A2ABEE59100604981 /* Extension+UIAlert.swift in Sources */ = {isa = PBXBuildFile; fileRef = F5C6D3492ABEE59100604981 /* Extension+UIAlert.swift */; };
		F5D45A292AAF32BA00E9CBB2 /* Resourses.swift in Sources */ = {isa = PBXBuildFile; fileRef = F5D45A282AAF32BA00E9CBB2 /* Resourses.swift */; };
		F5D45A2B2AAF55D600E9CBB2 /* MainViewController.swift in Sources */ = {isa = PBXBuildFile; fileRef = F5D45A2A2AAF55D600E9CBB2 /* MainViewController.swift */; };
		F5D45A2D2AAF5B1800E9CBB2 /* CellImage.swift in Sources */ = {isa = PBXBuildFile; fileRef = F5D45A2C2AAF5B1800E9CBB2 /* CellImage.swift */; };
		F5D45A2F2AAF5C2D00E9CBB2 /* MainViewCell.swift in Sources */ = {isa = PBXBuildFile; fileRef = F5D45A2E2AAF5C2D00E9CBB2 /* MainViewCell.swift */; };
		F5D45A312AAFA5E000E9CBB2 /* Models.swift in Sources */ = {isa = PBXBuildFile; fileRef = F5D45A302AAFA5E000E9CBB2 /* Models.swift */; };
		F5D45A332AAFAD7200E9CBB2 /* SetColorGradient.swift in Sources */ = {isa = PBXBuildFile; fileRef = F5D45A322AAFAD7200E9CBB2 /* SetColorGradient.swift */; };
		F5DEBF0D2ABD94AD00504F67 /* cos.gif in Resources */ = {isa = PBXBuildFile; fileRef = F5DEBF0C2ABD94AD00504F67 /* cos.gif */; };
		F5E1FC552AB997BD000F0B78 /* MandalaViewController.swift in Sources */ = {isa = PBXBuildFile; fileRef = F5E1FC542AB997BD000F0B78 /* MandalaViewController.swift */; };
		F5E1FC572AB99F93000F0B78 /* MandalaViewCell.swift in Sources */ = {isa = PBXBuildFile; fileRef = F5E1FC562AB99F93000F0B78 /* MandalaViewCell.swift */; };
		F5E255DD2ACD7991001095CA /* AboutViewController.swift in Sources */ = {isa = PBXBuildFile; fileRef = F5E255DC2ACD7991001095CA /* AboutViewController.swift */; };
		F5F98DB92A2F366C00D56ED4 /* Extension+UIImageAnimation.swift in Sources */ = {isa = PBXBuildFile; fileRef = F5F98DB82A2F366C00D56ED4 /* Extension+UIImageAnimation.swift */; };
/* End PBXBuildFile section */

/* Begin PBXFileReference section */
		F50389D02ABB109500F99AEA /* Extension+UIImage+Gif.swift */ = {isa = PBXFileReference; lastKnownFileType = sourcecode.swift; path = "Extension+UIImage+Gif.swift"; sourceTree = "<group>"; };
		F50389D22ABB143000F99AEA /* FireMeditationController.swift */ = {isa = PBXFileReference; lastKnownFileType = sourcecode.swift; name = FireMeditationController.swift; path = Equilibrium/ViewConntrollers/FireMeditationController.swift; sourceTree = SOURCE_ROOT; };
		F50389DF2ABB351B00F99AEA /* sv.gif */ = {isa = PBXFileReference; lastKnownFileType = image.gif; path = sv.gif; sourceTree = "<group>"; };
		F50389E12ABB355500F99AEA /* sv2.gif */ = {isa = PBXFileReference; lastKnownFileType = image.gif; path = sv2.gif; sourceTree = "<group>"; };
		F50592622AB3181600B8CAB1 /* UIColor+Extension.swift */ = {isa = PBXFileReference; fileEncoding = 4; lastKnownFileType = sourcecode.swift; path = "UIColor+Extension.swift"; sourceTree = "<group>"; };
		F51703C02AB34BD20005A0DA /* ImageViewCell.swift */ = {isa = PBXFileReference; lastKnownFileType = sourcecode.swift; path = ImageViewCell.swift; sourceTree = "<group>"; };
		F51747B82A2F806D0080BC2C /* SettingBreathViewController.swift */ = {isa = PBXFileReference; lastKnownFileType = sourcecode.swift; path = SettingBreathViewController.swift; sourceTree = "<group>"; };
		F52587E52A2E2F01002499AC /* ImageViewController.swift */ = {isa = PBXFileReference; lastKnownFileType = sourcecode.swift; path = ImageViewController.swift; sourceTree = "<group>"; };
		F52587E72A2E3466002499AC /* DataStore.swift */ = {isa = PBXFileReference; lastKnownFileType = sourcecode.swift; path = DataStore.swift; sourceTree = "<group>"; };
		F54FD9B52AE65BFE00CA775A /* fire.mp3 */ = {isa = PBXFileReference; lastKnownFileType = audio.mp3; path = fire.mp3; sourceTree = "<group>"; };
		F55F6E7A2ABCBFCA00A47278 /* FireViewCell.swift */ = {isa = PBXFileReference; lastKnownFileType = sourcecode.swift; name = FireViewCell.swift; path = Equilibrium/ViewConntrollers/Cell/FireViewCell.swift; sourceTree = SOURCE_ROOT; };
		F563B53E2ACC890200DA961B /* NavigationViewController.swift */ = {isa = PBXFileReference; lastKnownFileType = sourcecode.swift; name = NavigationViewController.swift; path = Equilibrium/ViewConntrollers/NavigationViewController.swift; sourceTree = SOURCE_ROOT; };
		F56734C52A23CDEB0001E658 /* Equilibrium.app */ = {isa = PBXFileReference; explicitFileType = wrapper.application; includeInIndex = 0; path = Equilibrium.app; sourceTree = BUILT_PRODUCTS_DIR; };
		F56734C82A23CDEB0001E658 /* AppDelegate.swift */ = {isa = PBXFileReference; lastKnownFileType = sourcecode.swift; path = AppDelegate.swift; sourceTree = "<group>"; };
		F56734CA2A23CDEB0001E658 /* SceneDelegate.swift */ = {isa = PBXFileReference; lastKnownFileType = sourcecode.swift; path = SceneDelegate.swift; sourceTree = "<group>"; };
		F56734CC2A23CDEB0001E658 /* BreathViewController.swift */ = {isa = PBXFileReference; lastKnownFileType = sourcecode.swift; path = BreathViewController.swift; sourceTree = "<group>"; };
		F56734CF2A23CDEB0001E658 /* Base */ = {isa = PBXFileReference; lastKnownFileType = file.storyboard; name = Base; path = Base.lproj/Main.storyboard; sourceTree = "<group>"; };
		F56734D12A23CDED0001E658 /* Assets.xcassets */ = {isa = PBXFileReference; lastKnownFileType = folder.assetcatalog; path = Assets.xcassets; sourceTree = "<group>"; };
		F56734D42A23CDED0001E658 /* Base */ = {isa = PBXFileReference; lastKnownFileType = file.storyboard; name = Base; path = Base.lproj/LaunchScreen.storyboard; sourceTree = "<group>"; };
		F56734D62A23CDED0001E658 /* Info.plist */ = {isa = PBXFileReference; lastKnownFileType = text.plist.xml; path = Info.plist; sourceTree = "<group>"; };
		F56EB52B2A26B58C00897705 /* Player.swift */ = {isa = PBXFileReference; lastKnownFileType = sourcecode.swift; path = Player.swift; sourceTree = "<group>"; };
		F5A523862AAB25F5005B57B4 /* soundsOfTheForest.mp3 */ = {isa = PBXFileReference; lastKnownFileType = audio.mp3; path = soundsOfTheForest.mp3; sourceTree = "<group>"; };
		F5AA04F12AA8C737006356AA /* StorageManager.swift */ = {isa = PBXFileReference; lastKnownFileType = sourcecode.swift; path = StorageManager.swift; sourceTree = "<group>"; };
		F5AA04F52AA8DF42006356AA /* ColorsModel.swift */ = {isa = PBXFileReference; lastKnownFileType = sourcecode.swift; path = ColorsModel.swift; sourceTree = "<group>"; };
		F5B4DF7F2CCD591700E6263E /* ParticleEffectModel.swift */ = {isa = PBXFileReference; lastKnownFileType = sourcecode.swift; path = ParticleEffectModel.swift; sourceTree = "<group>"; };
		F5B4DF812CCD594900E6263E /* Particle.swift */ = {isa = PBXFileReference; lastKnownFileType = sourcecode.swift; path = Particle.swift; sourceTree = "<group>"; };
		F5C6D3492ABEE59100604981 /* Extension+UIAlert.swift */ = {isa = PBXFileReference; lastKnownFileType = sourcecode.swift; path = "Extension+UIAlert.swift"; sourceTree = "<group>"; };
		F5D45A282AAF32BA00E9CBB2 /* Resourses.swift */ = {isa = PBXFileReference; lastKnownFileType = sourcecode.swift; path = Resourses.swift; sourceTree = "<group>"; };
		F5D45A2A2AAF55D600E9CBB2 /* MainViewController.swift */ = {isa = PBXFileReference; lastKnownFileType = sourcecode.swift; name = MainViewController.swift; path = Equilibrium/ViewConntrollers/MainViewController.swift; sourceTree = SOURCE_ROOT; };
		F5D45A2C2AAF5B1800E9CBB2 /* CellImage.swift */ = {isa = PBXFileReference; fileEncoding = 4; lastKnownFileType = sourcecode.swift; path = CellImage.swift; sourceTree = "<group>"; };
		F5D45A2E2AAF5C2D00E9CBB2 /* MainViewCell.swift */ = {isa = PBXFileReference; lastKnownFileType = sourcecode.swift; name = MainViewCell.swift; path = Equilibrium/ViewConntrollers/Cell/MainViewCell.swift; sourceTree = SOURCE_ROOT; };
		F5D45A302AAFA5E000E9CBB2 /* Models.swift */ = {isa = PBXFileReference; lastKnownFileType = sourcecode.swift; path = Models.swift; sourceTree = "<group>"; };
		F5D45A322AAFAD7200E9CBB2 /* SetColorGradient.swift */ = {isa = PBXFileReference; fileEncoding = 4; lastKnownFileType = sourcecode.swift; path = SetColorGradient.swift; sourceTree = "<group>"; };
		F5DEBF0C2ABD94AD00504F67 /* cos.gif */ = {isa = PBXFileReference; lastKnownFileType = image.gif; path = cos.gif; sourceTree = "<group>"; };
		F5E1FC542AB997BD000F0B78 /* MandalaViewController.swift */ = {isa = PBXFileReference; lastKnownFileType = sourcecode.swift; path = MandalaViewController.swift; sourceTree = "<group>"; };
		F5E1FC562AB99F93000F0B78 /* MandalaViewCell.swift */ = {isa = PBXFileReference; lastKnownFileType = sourcecode.swift; name = MandalaViewCell.swift; path = Equilibrium/ViewConntrollers/Cell/MandalaViewCell.swift; sourceTree = SOURCE_ROOT; };
		F5E255DC2ACD7991001095CA /* AboutViewController.swift */ = {isa = PBXFileReference; lastKnownFileType = sourcecode.swift; path = AboutViewController.swift; sourceTree = "<group>"; };
		F5F98DB82A2F366C00D56ED4 /* Extension+UIImageAnimation.swift */ = {isa = PBXFileReference; lastKnownFileType = sourcecode.swift; path = "Extension+UIImageAnimation.swift"; sourceTree = "<group>"; };
/* End PBXFileReference section */

/* Begin PBXFileSystemSynchronizedRootGroup section */
		F5B4DF7C2CCD52AA00E6263E /* SwiftUIView */ = {isa = PBXFileSystemSynchronizedRootGroup; explicitFileTypes = {}; explicitFolders = (); path = SwiftUIView; sourceTree = "<group>"; };
/* End PBXFileSystemSynchronizedRootGroup section */

/* Begin PBXFrameworksBuildPhase section */
		F56734C22A23CDEB0001E658 /* Frameworks */ = {
			isa = PBXFrameworksBuildPhase;
			buildActionMask = 2147483647;
			files = (
			);
			runOnlyForDeploymentPostprocessing = 0;
		};
/* End PBXFrameworksBuildPhase section */

/* Begin PBXGroup section */
		F50389DE2ABB349800F99AEA /* Gif */ = {
			isa = PBXGroup;
			children = (
				F5DEBF0C2ABD94AD00504F67 /* cos.gif */,
				F50389DF2ABB351B00F99AEA /* sv.gif */,
				F50389E12ABB355500F99AEA /* sv2.gif */,
			);
			path = Gif;
			sourceTree = "<group>";
		};
		F52587E92A2E3475002499AC /* DataStore */ = {
			isa = PBXGroup;
			children = (
				F52587E72A2E3466002499AC /* DataStore.swift */,
			);
			path = DataStore;
			sourceTree = "<group>";
		};
		F56734BC2A23CDEA0001E658 = {
			isa = PBXGroup;
			children = (
				F56734C72A23CDEB0001E658 /* Equilibrium */,
				F56734C62A23CDEB0001E658 /* Products */,
			);
			sourceTree = "<group>";
		};
		F56734C62A23CDEB0001E658 /* Products */ = {
			isa = PBXGroup;
			children = (
				F56734C52A23CDEB0001E658 /* Equilibrium.app */,
			);
			name = Products;
			sourceTree = "<group>";
		};
		F56734C72A23CDEB0001E658 /* Equilibrium */ = {
			isa = PBXGroup;
			children = (
				F5B4DF7C2CCD52AA00E6263E /* SwiftUIView */,
				F5AA04F42AA8DF18006356AA /* Models */,
				F5AA04F32AA8C73F006356AA /* Managers */,
				F5AA04EF2AA8C63A006356AA /* Player */,
				F5AA04F02AA8C6CD006356AA /* ExtensionView */,
				F52587E92A2E3475002499AC /* DataStore */,
				F56734DF2A266DAB0001E658 /* App */,
				F56734E02A266DC90001E658 /* ViewConntrollers */,
				F56734E22A266E040001E658 /* Storyboards */,
				F56734E12A266DDF0001E658 /* Resourses */,
			);
			path = Equilibrium;
			sourceTree = "<group>";
		};
		F56734DF2A266DAB0001E658 /* App */ = {
			isa = PBXGroup;
			children = (
				F56734C82A23CDEB0001E658 /* AppDelegate.swift */,
				F56734D62A23CDED0001E658 /* Info.plist */,
				F56734CA2A23CDEB0001E658 /* SceneDelegate.swift */,
			);
			path = App;
			sourceTree = "<group>";
		};
		F56734E02A266DC90001E658 /* ViewConntrollers */ = {
			isa = PBXGroup;
			children = (
				F5E255DC2ACD7991001095CA /* AboutViewController.swift */,
				F5E1FC582AB99F9F000F0B78 /* Cell */,
				F56734CC2A23CDEB0001E658 /* BreathViewController.swift */,
				F50389D22ABB143000F99AEA /* FireMeditationController.swift */,
				F51747B82A2F806D0080BC2C /* SettingBreathViewController.swift */,
				F563B53E2ACC890200DA961B /* NavigationViewController.swift */,
				F52587E52A2E2F01002499AC /* ImageViewController.swift */,
				F5E1FC542AB997BD000F0B78 /* MandalaViewController.swift */,
				F5D45A2A2AAF55D600E9CBB2 /* MainViewController.swift */,
			);
			path = ViewConntrollers;
			sourceTree = "<group>";
		};
		F56734E12A266DDF0001E658 /* Resourses */ = {
			isa = PBXGroup;
			children = (
				F50389DE2ABB349800F99AEA /* Gif */,
				F56734D12A23CDED0001E658 /* Assets.xcassets */,
				F5D45A282AAF32BA00E9CBB2 /* Resourses.swift */,
				F5A523852AAB2507005B57B4 /* Music */,
			);
			path = Resourses;
			sourceTree = "<group>";
		};
		F56734E22A266E040001E658 /* Storyboards */ = {
			isa = PBXGroup;
			children = (
				F56734CE2A23CDEB0001E658 /* Main.storyboard */,
				F56734D32A23CDED0001E658 /* LaunchScreen.storyboard */,
			);
			path = Storyboards;
			sourceTree = "<group>";
		};
		F5A523852AAB2507005B57B4 /* Music */ = {
			isa = PBXGroup;
			children = (
				F54FD9B52AE65BFE00CA775A /* fire.mp3 */,
				F5A523862AAB25F5005B57B4 /* soundsOfTheForest.mp3 */,
			);
			path = Music;
			sourceTree = "<group>";
		};
		F5AA04EF2AA8C63A006356AA /* Player */ = {
			isa = PBXGroup;
			children = (
				F56EB52B2A26B58C00897705 /* Player.swift */,
			);
			path = Player;
			sourceTree = "<group>";
		};
		F5AA04F02AA8C6CD006356AA /* ExtensionView */ = {
			isa = PBXGroup;
			children = (
				F5D45A322AAFAD7200E9CBB2 /* SetColorGradient.swift */,
				F50592622AB3181600B8CAB1 /* UIColor+Extension.swift */,
				F5F98DB82A2F366C00D56ED4 /* Extension+UIImageAnimation.swift */,
				F5C6D3492ABEE59100604981 /* Extension+UIAlert.swift */,
				F50389D02ABB109500F99AEA /* Extension+UIImage+Gif.swift */,
			);
			path = ExtensionView;
			sourceTree = "<group>";
		};
		F5AA04F32AA8C73F006356AA /* Managers */ = {
			isa = PBXGroup;
			children = (
				F5AA04F12AA8C737006356AA /* StorageManager.swift */,
			);
			path = Managers;
			sourceTree = "<group>";
		};
		F5AA04F42AA8DF18006356AA /* Models */ = {
			isa = PBXGroup;
			children = (
				F5AA04F52AA8DF42006356AA /* ColorsModel.swift */,
				F5D45A302AAFA5E000E9CBB2 /* Models.swift */,
				F5B4DF7F2CCD591700E6263E /* ParticleEffectModel.swift */,
				F5B4DF812CCD594900E6263E /* Particle.swift */,
			);
			path = Models;
			sourceTree = "<group>";
		};
		F5E1FC582AB99F9F000F0B78 /* Cell */ = {
			isa = PBXGroup;
			children = (
				F5D45A2C2AAF5B1800E9CBB2 /* CellImage.swift */,
				F51703C02AB34BD20005A0DA /* ImageViewCell.swift */,
				F5D45A2E2AAF5C2D00E9CBB2 /* MainViewCell.swift */,
				F5E1FC562AB99F93000F0B78 /* MandalaViewCell.swift */,
				F55F6E7A2ABCBFCA00A47278 /* FireViewCell.swift */,
			);
			path = Cell;
			sourceTree = "<group>";
		};
/* End PBXGroup section */

/* Begin PBXNativeTarget section */
		F56734C42A23CDEB0001E658 /* Equilibrium */ = {
			isa = PBXNativeTarget;
			buildConfigurationList = F56734D92A23CDED0001E658 /* Build configuration list for PBXNativeTarget "Equilibrium" */;
			buildPhases = (
				F56734C12A23CDEB0001E658 /* Sources */,
				F56734C22A23CDEB0001E658 /* Frameworks */,
				F56734C32A23CDEB0001E658 /* Resources */,
			);
			buildRules = (
			);
			dependencies = (
			);
			fileSystemSynchronizedGroups = (
				F5B4DF7C2CCD52AA00E6263E /* SwiftUIView */,
			);
			name = Equilibrium;
			packageProductDependencies = (
			);
			productName = Equilibrium;
			productReference = F56734C52A23CDEB0001E658 /* Equilibrium.app */;
			productType = "com.apple.product-type.application";
		};
/* End PBXNativeTarget section */

/* Begin PBXProject section */
		F56734BD2A23CDEA0001E658 /* Project object */ = {
			isa = PBXProject;
			attributes = {
				BuildIndependentTargetsInParallel = 1;
				LastSwiftUpdateCheck = 1430;
				LastUpgradeCheck = 1500;
				TargetAttributes = {
					F56734C42A23CDEB0001E658 = {
						CreatedOnToolsVersion = 14.3;
					};
				};
			};
			buildConfigurationList = F56734C02A23CDEA0001E658 /* Build configuration list for PBXProject "Pacification" */;
			compatibilityVersion = "Xcode 14.0";
			developmentRegion = en;
			hasScannedForEncodings = 0;
			knownRegions = (
				en,
				Base,
			);
			mainGroup = F56734BC2A23CDEA0001E658;
			packageReferences = (
			);
			productRefGroup = F56734C62A23CDEB0001E658 /* Products */;
			projectDirPath = "";
			projectRoot = "";
			targets = (
				F56734C42A23CDEB0001E658 /* Equilibrium */,
			);
		};
/* End PBXProject section */

/* Begin PBXResourcesBuildPhase section */
		F56734C32A23CDEB0001E658 /* Resources */ = {
			isa = PBXResourcesBuildPhase;
			buildActionMask = 2147483647;
			files = (
				F5DEBF0D2ABD94AD00504F67 /* cos.gif in Resources */,
				F54FD9B62AE65BFE00CA775A /* fire.mp3 in Resources */,
				F56734D52A23CDED0001E658 /* LaunchScreen.storyboard in Resources */,
				F56734D22A23CDED0001E658 /* Assets.xcassets in Resources */,
				F50389E22ABB355600F99AEA /* sv2.gif in Resources */,
				F50389E02ABB351B00F99AEA /* sv.gif in Resources */,
				F56734D02A23CDEB0001E658 /* Main.storyboard in Resources */,
				F5A523872AAB25F5005B57B4 /* soundsOfTheForest.mp3 in Resources */,
			);
			runOnlyForDeploymentPostprocessing = 0;
		};
/* End PBXResourcesBuildPhase section */

/* Begin PBXSourcesBuildPhase section */
		F56734C12A23CDEB0001E658 /* Sources */ = {
			isa = PBXSourcesBuildPhase;
			buildActionMask = 2147483647;
			files = (
				F5D45A292AAF32BA00E9CBB2 /* Resourses.swift in Sources */,
				F5E1FC572AB99F93000F0B78 /* MandalaViewCell.swift in Sources */,
				F56734CD2A23CDEB0001E658 /* BreathViewController.swift in Sources */,
				F563B53F2ACC890200DA961B /* NavigationViewController.swift in Sources */,
				F52587E82A2E3466002499AC /* DataStore.swift in Sources */,
				F50389D32ABB143000F99AEA /* FireMeditationController.swift in Sources */,
				F5AA04F22AA8C737006356AA /* StorageManager.swift in Sources */,
				F50592632AB3181700B8CAB1 /* UIColor+Extension.swift in Sources */,
				F56734C92A23CDEB0001E658 /* AppDelegate.swift in Sources */,
				F51703C12AB34BD20005A0DA /* ImageViewCell.swift in Sources */,
				F5E1FC552AB997BD000F0B78 /* MandalaViewController.swift in Sources */,
				F50389D12ABB109500F99AEA /* Extension+UIImage+Gif.swift in Sources */,
				F5D45A2F2AAF5C2D00E9CBB2 /* MainViewCell.swift in Sources */,
				F51747B92A2F806D0080BC2C /* SettingBreathViewController.swift in Sources */,
				F5B4DF802CCD591700E6263E /* ParticleEffectModel.swift in Sources */,
				F52587E62A2E2F01002499AC /* ImageViewController.swift in Sources */,
				F5D45A2B2AAF55D600E9CBB2 /* MainViewController.swift in Sources */,
				F5D45A312AAFA5E000E9CBB2 /* Models.swift in Sources */,
				F5C6D34A2ABEE59100604981 /* Extension+UIAlert.swift in Sources */,
				F5D45A332AAFAD7200E9CBB2 /* SetColorGradient.swift in Sources */,
				F5AA04F62AA8DF42006356AA /* ColorsModel.swift in Sources */,
				F56EB52C2A26B58C00897705 /* Player.swift in Sources */,
				F5F98DB92A2F366C00D56ED4 /* Extension+UIImageAnimation.swift in Sources */,
				F5D45A2D2AAF5B1800E9CBB2 /* CellImage.swift in Sources */,
				F56734CB2A23CDEB0001E658 /* SceneDelegate.swift in Sources */,
				F5E255DD2ACD7991001095CA /* AboutViewController.swift in Sources */,
				F55F6E7B2ABCBFCA00A47278 /* FireViewCell.swift in Sources */,
				F5B4DF822CCD594900E6263E /* Particle.swift in Sources */,
			);
			runOnlyForDeploymentPostprocessing = 0;
		};
/* End PBXSourcesBuildPhase section */

/* Begin PBXVariantGroup section */
		F56734CE2A23CDEB0001E658 /* Main.storyboard */ = {
			isa = PBXVariantGroup;
			children = (
				F56734CF2A23CDEB0001E658 /* Base */,
			);
			name = Main.storyboard;
			sourceTree = "<group>";
		};
		F56734D32A23CDED0001E658 /* LaunchScreen.storyboard */ = {
			isa = PBXVariantGroup;
			children = (
				F56734D42A23CDED0001E658 /* Base */,
			);
			name = LaunchScreen.storyboard;
			sourceTree = "<group>";
		};
/* End PBXVariantGroup section */

/* Begin XCBuildConfiguration section */
		F56734D72A23CDED0001E658 /* Debug */ = {
			isa = XCBuildConfiguration;
			buildSettings = {
				ALWAYS_SEARCH_USER_PATHS = NO;
				CLANG_ANALYZER_NONNULL = YES;
				CLANG_ANALYZER_NUMBER_OBJECT_CONVERSION = YES_AGGRESSIVE;
				CLANG_CXX_LANGUAGE_STANDARD = "gnu++20";
				CLANG_ENABLE_MODULES = YES;
				CLANG_ENABLE_OBJC_ARC = YES;
				CLANG_ENABLE_OBJC_WEAK = YES;
				CLANG_WARN_BLOCK_CAPTURE_AUTORELEASING = YES;
				CLANG_WARN_BOOL_CONVERSION = YES;
				CLANG_WARN_COMMA = YES;
				CLANG_WARN_CONSTANT_CONVERSION = YES;
				CLANG_WARN_DEPRECATED_OBJC_IMPLEMENTATIONS = YES;
				CLANG_WARN_DIRECT_OBJC_ISA_USAGE = YES_ERROR;
				CLANG_WARN_DOCUMENTATION_COMMENTS = YES;
				CLANG_WARN_EMPTY_BODY = YES;
				CLANG_WARN_ENUM_CONVERSION = YES;
				CLANG_WARN_INFINITE_RECURSION = YES;
				CLANG_WARN_INT_CONVERSION = YES;
				CLANG_WARN_NON_LITERAL_NULL_CONVERSION = YES;
				CLANG_WARN_OBJC_IMPLICIT_RETAIN_SELF = YES;
				CLANG_WARN_OBJC_LITERAL_CONVERSION = YES;
				CLANG_WARN_OBJC_ROOT_CLASS = YES_ERROR;
				CLANG_WARN_QUOTED_INCLUDE_IN_FRAMEWORK_HEADER = YES;
				CLANG_WARN_RANGE_LOOP_ANALYSIS = YES;
				CLANG_WARN_STRICT_PROTOTYPES = YES;
				CLANG_WARN_SUSPICIOUS_MOVE = YES;
				CLANG_WARN_UNGUARDED_AVAILABILITY = YES_AGGRESSIVE;
				CLANG_WARN_UNREACHABLE_CODE = YES;
				CLANG_WARN__DUPLICATE_METHOD_MATCH = YES;
				COPY_PHASE_STRIP = NO;
				DEBUG_INFORMATION_FORMAT = dwarf;
				ENABLE_STRICT_OBJC_MSGSEND = YES;
				ENABLE_TESTABILITY = YES;
				ENABLE_USER_SCRIPT_SANDBOXING = YES;
				GCC_C_LANGUAGE_STANDARD = gnu11;
				GCC_DYNAMIC_NO_PIC = NO;
				GCC_NO_COMMON_BLOCKS = YES;
				GCC_OPTIMIZATION_LEVEL = 0;
				GCC_PREPROCESSOR_DEFINITIONS = (
					"DEBUG=1",
					"$(inherited)",
				);
				GCC_WARN_64_TO_32_BIT_CONVERSION = YES;
				GCC_WARN_ABOUT_RETURN_TYPE = YES_ERROR;
				GCC_WARN_UNDECLARED_SELECTOR = YES;
				GCC_WARN_UNINITIALIZED_AUTOS = YES_AGGRESSIVE;
				GCC_WARN_UNUSED_FUNCTION = YES;
				GCC_WARN_UNUSED_VARIABLE = YES;
				INFOPLIST_KEY_UIStatusBarHidden = YES;
				IPHONEOS_DEPLOYMENT_TARGET = 15.5;
				MTL_ENABLE_DEBUG_INFO = INCLUDE_SOURCE;
				MTL_FAST_MATH = YES;
				ONLY_ACTIVE_ARCH = YES;
				SDKROOT = iphoneos;
				SWIFT_ACTIVE_COMPILATION_CONDITIONS = DEBUG;
				SWIFT_OPTIMIZATION_LEVEL = "-Onone";
			};
			name = Debug;
		};
		F56734D82A23CDED0001E658 /* Release */ = {
			isa = XCBuildConfiguration;
			buildSettings = {
				ALWAYS_SEARCH_USER_PATHS = NO;
				CLANG_ANALYZER_NONNULL = YES;
				CLANG_ANALYZER_NUMBER_OBJECT_CONVERSION = YES_AGGRESSIVE;
				CLANG_CXX_LANGUAGE_STANDARD = "gnu++20";
				CLANG_ENABLE_MODULES = YES;
				CLANG_ENABLE_OBJC_ARC = YES;
				CLANG_ENABLE_OBJC_WEAK = YES;
				CLANG_WARN_BLOCK_CAPTURE_AUTORELEASING = YES;
				CLANG_WARN_BOOL_CONVERSION = YES;
				CLANG_WARN_COMMA = YES;
				CLANG_WARN_CONSTANT_CONVERSION = YES;
				CLANG_WARN_DEPRECATED_OBJC_IMPLEMENTATIONS = YES;
				CLANG_WARN_DIRECT_OBJC_ISA_USAGE = YES_ERROR;
				CLANG_WARN_DOCUMENTATION_COMMENTS = YES;
				CLANG_WARN_EMPTY_BODY = YES;
				CLANG_WARN_ENUM_CONVERSION = YES;
				CLANG_WARN_INFINITE_RECURSION = YES;
				CLANG_WARN_INT_CONVERSION = YES;
				CLANG_WARN_NON_LITERAL_NULL_CONVERSION = YES;
				CLANG_WARN_OBJC_IMPLICIT_RETAIN_SELF = YES;
				CLANG_WARN_OBJC_LITERAL_CONVERSION = YES;
				CLANG_WARN_OBJC_ROOT_CLASS = YES_ERROR;
				CLANG_WARN_QUOTED_INCLUDE_IN_FRAMEWORK_HEADER = YES;
				CLANG_WARN_RANGE_LOOP_ANALYSIS = YES;
				CLANG_WARN_STRICT_PROTOTYPES = YES;
				CLANG_WARN_SUSPICIOUS_MOVE = YES;
				CLANG_WARN_UNGUARDED_AVAILABILITY = YES_AGGRESSIVE;
				CLANG_WARN_UNREACHABLE_CODE = YES;
				CLANG_WARN__DUPLICATE_METHOD_MATCH = YES;
				COPY_PHASE_STRIP = NO;
				DEBUG_INFORMATION_FORMAT = "dwarf-with-dsym";
				ENABLE_NS_ASSERTIONS = NO;
				ENABLE_STRICT_OBJC_MSGSEND = YES;
				ENABLE_USER_SCRIPT_SANDBOXING = YES;
				GCC_C_LANGUAGE_STANDARD = gnu11;
				GCC_NO_COMMON_BLOCKS = YES;
				GCC_WARN_64_TO_32_BIT_CONVERSION = YES;
				GCC_WARN_ABOUT_RETURN_TYPE = YES_ERROR;
				GCC_WARN_UNDECLARED_SELECTOR = YES;
				GCC_WARN_UNINITIALIZED_AUTOS = YES_AGGRESSIVE;
				GCC_WARN_UNUSED_FUNCTION = YES;
				GCC_WARN_UNUSED_VARIABLE = YES;
				INFOPLIST_KEY_UIStatusBarHidden = YES;
				IPHONEOS_DEPLOYMENT_TARGET = 15.5;
				MTL_ENABLE_DEBUG_INFO = NO;
				MTL_FAST_MATH = YES;
				SDKROOT = iphoneos;
				SWIFT_COMPILATION_MODE = wholemodule;
				SWIFT_OPTIMIZATION_LEVEL = "-O";
				VALIDATE_PRODUCT = YES;
			};
			name = Release;
		};
		F56734DA2A23CDED0001E658 /* Debug */ = {
			isa = XCBuildConfiguration;
			buildSettings = {
				ASSETCATALOG_COMPILER_APPICON_NAME = AppIcon;
				ASSETCATALOG_COMPILER_GLOBAL_ACCENT_COLOR_NAME = AccentColor;
				ASSETCATALOG_COMPILER_INCLUDE_ALL_APPICON_ASSETS = NO;
				CODE_SIGN_STYLE = Automatic;
				CURRENT_PROJECT_VERSION = 3;
				DEVELOPMENT_TEAM = XKWG4AGNW6;
				GENERATE_INFOPLIST_FILE = YES;
				INFOPLIST_FILE = Equilibrium/App/Info.plist;
				INFOPLIST_KEY_CFBundleDisplayName = Pacification;
				INFOPLIST_KEY_LSApplicationCategoryType = "public.app-category.lifestyle";
				INFOPLIST_KEY_UIApplicationSupportsIndirectInputEvents = YES;
				INFOPLIST_KEY_UILaunchStoryboardName = Main.storyboard;
				INFOPLIST_KEY_UIMainStoryboardFile = Main;
				INFOPLIST_KEY_UIStatusBarHidden = NO;
				INFOPLIST_KEY_UIStatusBarStyle = UIStatusBarStyleDarkContent;
				INFOPLIST_KEY_UISupportedInterfaceOrientations = UIInterfaceOrientationPortrait;
				INFOPLIST_KEY_UISupportedInterfaceOrientations_iPad = "UIInterfaceOrientationLandscapeLeft UIInterfaceOrientationLandscapeRight UIInterfaceOrientationPortrait UIInterfaceOrientationPortraitUpsideDown";
				IPHONEOS_DEPLOYMENT_TARGET = 15.1;
				LD_RUNPATH_SEARCH_PATHS = (
					"$(inherited)",
					"@executable_path/Frameworks",
				);
				MARKETING_VERSION = 1.3.1;
				PRODUCT_BUNDLE_IDENTIFIER = none.Equilibrium;
				PRODUCT_NAME = "$(TARGET_NAME)";
				SUPPORTED_PLATFORMS = "iphoneos iphonesimulator";
				SUPPORTS_MACCATALYST = NO;
				SUPPORTS_MAC_DESIGNED_FOR_IPHONE_IPAD = NO;
				SWIFT_EMIT_LOC_STRINGS = YES;
				SWIFT_VERSION = 5.0;
				TARGETED_DEVICE_FAMILY = 1;
			};
			name = Debug;
		};
		F56734DB2A23CDED0001E658 /* Release */ = {
			isa = XCBuildConfiguration;
			buildSettings = {
				ASSETCATALOG_COMPILER_APPICON_NAME = AppIcon;
				ASSETCATALOG_COMPILER_GLOBAL_ACCENT_COLOR_NAME = AccentColor;
				ASSETCATALOG_COMPILER_INCLUDE_ALL_APPICON_ASSETS = NO;
				CODE_SIGN_STYLE = Automatic;
				CURRENT_PROJECT_VERSION = 3;
				DEVELOPMENT_TEAM = XKWG4AGNW6;
				GENERATE_INFOPLIST_FILE = YES;
				INFOPLIST_FILE = Equilibrium/App/Info.plist;
				INFOPLIST_KEY_CFBundleDisplayName = Pacification;
				INFOPLIST_KEY_LSApplicationCategoryType = "public.app-category.lifestyle";
				INFOPLIST_KEY_UIApplicationSupportsIndirectInputEvents = YES;
				INFOPLIST_KEY_UILaunchStoryboardName = Main.storyboard;
				INFOPLIST_KEY_UIMainStoryboardFile = Main;
				INFOPLIST_KEY_UIStatusBarHidden = NO;
				INFOPLIST_KEY_UIStatusBarStyle = UIStatusBarStyleDarkContent;
				INFOPLIST_KEY_UISupportedInterfaceOrientations = UIInterfaceOrientationPortrait;
				INFOPLIST_KEY_UISupportedInterfaceOrientations_iPad = "UIInterfaceOrientationLandscapeLeft UIInterfaceOrientationLandscapeRight UIInterfaceOrientationPortrait UIInterfaceOrientationPortraitUpsideDown";
				IPHONEOS_DEPLOYMENT_TARGET = 15.1;
				LD_RUNPATH_SEARCH_PATHS = (
					"$(inherited)",
					"@executable_path/Frameworks",
				);
				MARKETING_VERSION = 1.3.1;
				PRODUCT_BUNDLE_IDENTIFIER = none.Equilibrium;
				PRODUCT_NAME = "$(TARGET_NAME)";
				SUPPORTED_PLATFORMS = "iphoneos iphonesimulator";
				SUPPORTS_MACCATALYST = NO;
				SUPPORTS_MAC_DESIGNED_FOR_IPHONE_IPAD = NO;
				SWIFT_EMIT_LOC_STRINGS = YES;
				SWIFT_VERSION = 5.0;
				TARGETED_DEVICE_FAMILY = 1;
			};
			name = Release;
		};
/* End XCBuildConfiguration section */

/* Begin XCConfigurationList section */
		F56734C02A23CDEA0001E658 /* Build configuration list for PBXProject "Pacification" */ = {
			isa = XCConfigurationList;
			buildConfigurations = (
				F56734D72A23CDED0001E658 /* Debug */,
				F56734D82A23CDED0001E658 /* Release */,
			);
			defaultConfigurationIsVisible = 0;
			defaultConfigurationName = Release;
		};
		F56734D92A23CDED0001E658 /* Build configuration list for PBXNativeTarget "Equilibrium" */ = {
			isa = XCConfigurationList;
			buildConfigurations = (
				F56734DA2A23CDED0001E658 /* Debug */,
				F56734DB2A23CDED0001E658 /* Release */,
			);
			defaultConfigurationIsVisible = 0;
			defaultConfigurationName = Release;
		};
/* End XCConfigurationList section */
	};
	rootObject = F56734BD2A23CDEA0001E658 /* Project object */;
}
